
Microsoft Visual Studio Solution File, Format Version 12.00
# Visual Studio 15
VisualStudioVersion = 15.0.27703.2000
MinimumVisualStudioVersion = 10.0.40219.1
Project("{FAE04EC0-301F-11D3-BF4B-00C04F79EFBC}") = "NaggerknifeBotV2", "NaggerknifeBotV2\NaggerknifeBotV2.csproj", "{04DAA2B4-1100-4AE4-BD6C-A7657F6B028D}"
EndProject
Global
	GlobalSection(SolutionConfigurationPlatforms) = preSolution
		Debug|Any CPU = Debug|Any CPU
		Release|Any CPU = Release|Any CPU
	EndGlobalSection
	GlobalSection(ProjectConfigurationPlatforms) = postSolution
		{04DAA2B4-1100-4AE4-BD6C-A7657F6B028D}.Debug|Any CPU.ActiveCfg = Debug|Any CPU
		{04DAA2B4-1100-4AE4-BD6C-A7657F6B028D}.Debug|Any CPU.Build.0 = Debug|Any CPU
		{04DAA2B4-1100-4AE4-BD6C-A7657F6B028D}.Release|Any CPU.ActiveCfg = Release|Any CPU
		{04DAA2B4-1100-4AE4-BD6C-A7657F6B028D}.Release|Any CPU.Build.0 = Release|Any CPU
	EndGlobalSection
	GlobalSection(SolutionProperties) = preSolution
		HideSolutionNode = FALSE
	EndGlobalSection
	GlobalSection(ExtensibilityGlobals) = postSolution
		SolutionGuid = {F7412144-BA2C-438F-A9A2-6BAF1EE792EB}
	EndGlobalSection
EndGlobal
